
Microsoft Visual Studio Solution File, Format Version 12.00
# Visual Studio 15
VisualStudioVersion = 15.0.26730.8
MinimumVisualStudioVersion = 10.0.40219.1
Project("{F2A71F9B-5D33-465A-A702-920D77279786}") = "fssignalprocessing", "fssignalprocessing\fssignalprocessing.fsproj", "{A648A7E2-7249-4727-92BF-DF7685232945}"
EndProject
Project("{F2A71F9B-5D33-465A-A702-920D77279786}") = "ProcessingExample", "ProcessingExample\ProcessingExample.fsproj", "{AE75D163-820B-4878-93AC-6946C4BF08EF}"
EndProject
Project("{F2A71F9B-5D33-465A-A702-920D77279786}") = "fssignalprocessing-tests", "fssignalprocessing-tests\fssignalprocessing-tests.fsproj", "{A79FA8B7-D98F-4218-BB67-5FD07F300886}"
EndProject
Global
	GlobalSection(SolutionConfigurationPlatforms) = preSolution
		Debug|Any CPU = Debug|Any CPU
		Release|Any CPU = Release|Any CPU
	EndGlobalSection
	GlobalSection(ProjectConfigurationPlatforms) = postSolution
		{A648A7E2-7249-4727-92BF-DF7685232945}.Debug|Any CPU.ActiveCfg = Debug|Any CPU
		{A648A7E2-7249-4727-92BF-DF7685232945}.Debug|Any CPU.Build.0 = Debug|Any CPU
		{A648A7E2-7249-4727-92BF-DF7685232945}.Release|Any CPU.ActiveCfg = Release|Any CPU
		{A648A7E2-7249-4727-92BF-DF7685232945}.Release|Any CPU.Build.0 = Release|Any CPU
		{AE75D163-820B-4878-93AC-6946C4BF08EF}.Debug|Any CPU.ActiveCfg = Debug|Any CPU
		{AE75D163-820B-4878-93AC-6946C4BF08EF}.Debug|Any CPU.Build.0 = Debug|Any CPU
		{AE75D163-820B-4878-93AC-6946C4BF08EF}.Release|Any CPU.ActiveCfg = Release|Any CPU
		{AE75D163-820B-4878-93AC-6946C4BF08EF}.Release|Any CPU.Build.0 = Release|Any CPU
		{A79FA8B7-D98F-4218-BB67-5FD07F300886}.Debug|Any CPU.ActiveCfg = Debug|Any CPU
		{A79FA8B7-D98F-4218-BB67-5FD07F300886}.Debug|Any CPU.Build.0 = Debug|Any CPU
		{A79FA8B7-D98F-4218-BB67-5FD07F300886}.Release|Any CPU.ActiveCfg = Release|Any CPU
		{A79FA8B7-D98F-4218-BB67-5FD07F300886}.Release|Any CPU.Build.0 = Release|Any CPU
	EndGlobalSection
	GlobalSection(SolutionProperties) = preSolution
		HideSolutionNode = FALSE
	EndGlobalSection
	GlobalSection(ExtensibilityGlobals) = postSolution
		SolutionGuid = {C020C176-116A-4490-9FB0-D7B42A6361C6}
	EndGlobalSection
EndGlobal
